
Microsoft Visual Studio Solution File, Format Version 12.00
# Visual Studio 15
VisualStudioVersion = 15.0.27428.2043
MinimumVisualStudioVersion = 10.0.40219.1
Project("{FAE04EC0-301F-11D3-BF4B-00C04F79EFBC}") = "BalancedNumbers", "TelerikAcademyTraining\BalancedNumbers.csproj", "{D745F749-AA81-4F87-966C-9452D3423A7C}"
EndProject
Project("{FAE04EC0-301F-11D3-BF4B-00C04F79EFBC}") = "Beach", "Beach\Beach.csproj", "{7FB7D7DC-DF1D-4D40-8D3C-888A7AF23B72}"
EndProject
Project("{FAE04EC0-301F-11D3-BF4B-00C04F79EFBC}") = "ReturnMoney", "ReturnMoney\ReturnMoney.csproj", "{5A10AA7C-B834-4BBC-8F9A-8798CD4FEC72}"
EndProject
Project("{FAE04EC0-301F-11D3-BF4B-00C04F79EFBC}") = "EncryptedSMS", "EncryptedSMS\EncryptedSMS.csproj", "{C6DAAC2E-1078-4881-90D0-F0FA9CFF23D9}"
EndProject
Project("{FAE04EC0-301F-11D3-BF4B-00C04F79EFBC}") = "PrimeNumbers", "PrimeNumbers\PrimeNumbers.csproj", "{ECBDAFB3-9EC2-4936-A0E9-5D3ABD35FB58}"
EndProject
Project("{FAE04EC0-301F-11D3-BF4B-00C04F79EFBC}") = "PrizeCheck", "PrizeCheck\PrizeCheck.csproj", "{CC4C9294-4B1D-450C-836C-7D8DA73F8F4B}"
EndProject
Project("{FAE04EC0-301F-11D3-BF4B-00C04F79EFBC}") = "BiggestPrimeNumber", "BiggestPrimeNumber\BiggestPrimeNumber.csproj", "{CC9CB794-2AFB-4ED6-AD75-678B4C891223}"
EndProject
Project("{FAE04EC0-301F-11D3-BF4B-00C04F79EFBC}") = "MathGame", "MathGame\MathGame.csproj", "{597B8EA0-F316-49AF-9A7B-C717E59BDE8A}"
EndProject
Project("{FAE04EC0-301F-11D3-BF4B-00C04F79EFBC}") = "BinaryToHex", "BinaryToHex\BinaryToHex.csproj", "{21594AF4-5AEC-45FE-B1AF-7071947ED44F}"
EndProject
Project("{FAE04EC0-301F-11D3-BF4B-00C04F79EFBC}") = "AllocateArray", "AllocateArray\AllocateArray.csproj", "{2EFD0A99-16F2-425E-86BF-1FAAF482A872}"
EndProject
Project("{FAE04EC0-301F-11D3-BF4B-00C04F79EFBC}") = "MaxSumKElements", "MaxSumKElements\MaxSumKElements.csproj", "{F6D908E8-05CA-4469-85FC-386E88777815}"
EndProject
Project("{FAE04EC0-301F-11D3-BF4B-00C04F79EFBC}") = "SayHello", "SayHello\SayHello.csproj", "{B37A9002-83E4-436A-8D28-217137021367}"
EndProject
Project("{FAE04EC0-301F-11D3-BF4B-00C04F79EFBC}") = "MostFrequentNumber", "MostFrequentNumber\MostFrequentNumber.csproj", "{3BB222CA-71CC-45F6-B864-8B65DF87B457}"
EndProject
Project("{FAE04EC0-301F-11D3-BF4B-00C04F79EFBC}") = "SecretMessage", "SecretMessage\SecretMessage.csproj", "{1631CB9F-D89E-4E06-8C05-95FC86EE5E35}"
EndProject
Project("{FAE04EC0-301F-11D3-BF4B-00C04F79EFBC}") = "DigitAsWord", "DigitAsWord\DigitAsWord.csproj", "{1652F476-545E-4C03-BDCD-15CB02F459AC}"
EndProject
Project("{FAE04EC0-301F-11D3-BF4B-00C04F79EFBC}") = "GCD", "GCD\GCD.csproj", "{1BA811CF-4F39-4190-9C7B-E7CE9EFAC35C}"
EndProject
Project("{FAE04EC0-301F-11D3-BF4B-00C04F79EFBC}") = "NotDivisableNumber", "NotDivisableNumber\NotDivisableNumber.csproj", "{5B5779C3-9709-4C4A-9DE1-A81F3106013E}"
EndProject
Project("{FAE04EC0-301F-11D3-BF4B-00C04F79EFBC}") = "Sort", "Sort\Sort.csproj", "{DDCA8CA7-B7AF-44F5-83DD-4E83ED189CB5}"
EndProject
Project("{FAE04EC0-301F-11D3-BF4B-00C04F79EFBC}") = "BonusScore", "BonusScore\BonusScore.csproj", "{201C09B8-32E6-42A6-AAB8-CDCF4EBED6F2}"
EndProject
Project("{FAE04EC0-301F-11D3-BF4B-00C04F79EFBC}") = "StepsCounter", "StepsCounter\StepsCounter.csproj", "{91C3678F-6D22-4E58-9E43-7438B4BA7896}"
EndProject
Project("{FAE04EC0-301F-11D3-BF4B-00C04F79EFBC}") = "IntDoubleString", "IntDoubleString\IntDoubleString.csproj", "{D7A3D35D-8C23-4DDD-9F8D-52550ECF677F}"
EndProject
Project("{FAE04EC0-301F-11D3-BF4B-00C04F79EFBC}") = "LargestNumber", "LargestNumber\LargestNumber.csproj", "{7A475924-CFD7-4F1B-AE33-1F44CA4141FA}"
EndProject
Project("{FAE04EC0-301F-11D3-BF4B-00C04F79EFBC}") = "ReverseArray", "ReverseArray\ReverseArray.csproj", "{B63AE5E8-F032-4973-A97D-787CAF09728F}"
EndProject
Project("{FAE04EC0-301F-11D3-BF4B-00C04F79EFBC}") = "Marks", "Marks\Marks.csproj", "{C43C98DE-137D-4C35-A482-C8ACC176473E}"
EndProject
Project("{FAE04EC0-301F-11D3-BF4B-00C04F79EFBC}") = "AppearanceCount", "AppearanceCount\AppearanceCount.csproj", "{6A30B359-DB41-4AED-9DCE-B69C6BDF2EC1}"
EndProject
Project("{FAE04EC0-301F-11D3-BF4B-00C04F79EFBC}") = "BusTrip", "BusTrip\BusTrip.csproj", "{A8506A2A-3E10-4E75-96B0-0415CD69F8CD}"
EndProject
Project("{FAE04EC0-301F-11D3-BF4B-00C04F79EFBC}") = "ExchangeIfGreater", "ExchangeIfGreater\ExchangeIfGreater.csproj", "{A070DBEF-7C5C-45E8-9634-67A720CC2409}"
EndProject
Project("{FAE04EC0-301F-11D3-BF4B-00C04F79EFBC}") = "PrimeTriangleWIP", "PrimeTriangle\PrimeTriangleWIP.csproj", "{95C3F26B-0A8F-44E0-8190-BB5316162877}"
EndProject
Project("{FAE04EC0-301F-11D3-BF4B-00C04F79EFBC}") = "MinDigit", "MinDigit\MinDigit.csproj", "{FD5C9051-CFDF-4D4C-A7D7-DBDDEFE2AB21}"
EndProject
Project("{FAE04EC0-301F-11D3-BF4B-00C04F79EFBC}") = "CalculateProblem", "CalculateProblem\CalculateProblem.csproj", "{FF0E2798-D7AA-495A-AA93-B5FA4C8BFA30}"
EndProject
Project("{FAE04EC0-301F-11D3-BF4B-00C04F79EFBC}") = "CalculateAgain", "CalculateAgain\CalculateAgain.csproj", "{9A36B87C-6C2F-4EFC-BFFD-CAEC7BAC852E}"
EndProject
Project("{FAE04EC0-301F-11D3-BF4B-00C04F79EFBC}") = "CalculateThree", "CalculateThree\CalculateThree.csproj", "{ED5A9AEE-4C3B-479B-87AD-817B36C5D830}"
EndProject
Project("{FAE04EC0-301F-11D3-BF4B-00C04F79EFBC}") = "LongestSequenceOfEqual", "LongestSequenceOfEqual\LongestSequenceOfEqual.csproj", "{22D6C598-B5D3-4383-AA87-0C387101C0D5}"
EndProject
Project("{FAE04EC0-301F-11D3-BF4B-00C04F79EFBC}") = "WindowsTask", "WindowsTask\WindowsTask.csproj", "{3617459D-2B32-4D22-90D4-301E82819ED5}"
EndProject
Project("{FAE04EC0-301F-11D3-BF4B-00C04F79EFBC}") = "nFactorial", "nFactorial\nFactorial.csproj", "{AC919613-091B-4E99-91F2-6AF44EFD013F}"
EndProject
Project("{FAE04EC0-301F-11D3-BF4B-00C04F79EFBC}") = "PrintDeck", "PrintDeck\PrintDeck.csproj", "{EACB2A91-4DA3-4C0F-9F66-861AA2661CC4}"
EndProject
Project("{FAE04EC0-301F-11D3-BF4B-00C04F79EFBC}") = "MatrixOfNumbers", "MatrixOfNumbers\MatrixOfNumbers.csproj", "{43ED448F-EC1C-402B-BF61-818818D812AE}"
EndProject
Project("{FAE04EC0-301F-11D3-BF4B-00C04F79EFBC}") = "ArrayThreeGroups", "ArrayThreeGroups\ArrayThreeGroups.csproj", "{A7FF3F55-B830-441B-AF67-CD554884DE77}"
EndProject
Project("{FAE04EC0-301F-11D3-BF4B-00C04F79EFBC}") = "AboveTheMainDiagonal", "AboveTheMainDiagonal\AboveTheMainDiagonal.csproj", "{61639319-53F4-4A76-BA3E-A13CF5B6DCAA}"
EndProject
Project("{FAE04EC0-301F-11D3-BF4B-00C04F79EFBC}") = "StringChallenge", "StringChallenge\StringChallenge.csproj", "{277F77DF-18F3-46A0-83C8-83F98D053E47}"
EndProject
Project("{FAE04EC0-301F-11D3-BF4B-00C04F79EFBC}") = "StringPractice", "StringPractice\StringPractice.csproj", "{C252C4AC-DBF1-42DC-B09F-FC03B6A79C73}"
EndProject
Project("{FAE04EC0-301F-11D3-BF4B-00C04F79EFBC}") = "PokemonTrainer", "PokemonTrainer\PokemonTrainer.csproj", "{8D3C03AA-D246-43D0-B153-BE9933B0C1DE}"
EndProject
Project("{FAE04EC0-301F-11D3-BF4B-00C04F79EFBC}") = "SubSetOfSumS", "SubSetOfSumS\SubSetOfSumS.csproj", "{0DF5250D-505A-43F6-908D-75C6C49086A8}"
EndProject
Project("{FAE04EC0-301F-11D3-BF4B-00C04F79EFBC}") = "NumbersFrom1ToN", "NumbersFrom1ToN\NumbersFrom1ToN.csproj", "{BE0D7D7F-30B0-4E39-B1C1-31F6591164A0}"
EndProject
Project("{FAE04EC0-301F-11D3-BF4B-00C04F79EFBC}") = "Kitty", "Kitty\Kitty.csproj", "{2337B686-C333-4CB2-83CA-00F9760CB2EA}"
EndProject
Project("{FAE04EC0-301F-11D3-BF4B-00C04F79EFBC}") = "ForestRoadV2", "ForestRoadV2\ForestRoadV2.csproj", "{972060D8-D435-4662-892C-F5CBDA0BCFFA}"
EndProject
Project("{FAE04EC0-301F-11D3-BF4B-00C04F79EFBC}") = "PasswordTask", "PasswordTask\PasswordTask.csproj", "{BBBF65F2-F721-49C8-A869-F2BBA6A4959D}"
EndProject
Project("{FAE04EC0-301F-11D3-BF4B-00C04F79EFBC}") = "SpiralMatrix", "SpiralMatrix\SpiralMatrix.csproj", "{9E749197-9609-4354-A64C-F5E8D4BDCBE5}"
EndProject
Project("{FAE04EC0-301F-11D3-BF4B-00C04F79EFBC}") = "BitShiftMatrix", "BitShiftMatrix\BitShiftMatrix.csproj", "{7D6225CA-CA2A-46E1-BD5A-80E69781B833}"
EndProject
Project("{FAE04EC0-301F-11D3-BF4B-00C04F79EFBC}") = "ForestRoad", "ForestRoad\ForestRoad.csproj", "{F4E28F88-C37A-4580-92D7-633836BC2665}"
EndProject
Project("{FAE04EC0-301F-11D3-BF4B-00C04F79EFBC}") = "ReverseNumber", "ReverseNumber\ReverseNumber.csproj", "{271E4359-C182-446C-B093-722C6B0AEC5C}"
EndProject
Project("{FAE04EC0-301F-11D3-BF4B-00C04F79EFBC}") = "SortThreeNumbers", "SortThreeNumbers\SortThreeNumbers.csproj", "{F6B7C5CD-B2C3-473C-AC59-7A0EBED293E9}"
EndProject
Global
	GlobalSection(SolutionConfigurationPlatforms) = preSolution
		Debug|Any CPU = Debug|Any CPU
		Release|Any CPU = Release|Any CPU
	EndGlobalSection
	GlobalSection(ProjectConfigurationPlatforms) = postSolution
		{D745F749-AA81-4F87-966C-9452D3423A7C}.Debug|Any CPU.ActiveCfg = Debug|Any CPU
		{D745F749-AA81-4F87-966C-9452D3423A7C}.Debug|Any CPU.Build.0 = Debug|Any CPU
		{D745F749-AA81-4F87-966C-9452D3423A7C}.Release|Any CPU.ActiveCfg = Release|Any CPU
		{D745F749-AA81-4F87-966C-9452D3423A7C}.Release|Any CPU.Build.0 = Release|Any CPU
		{7FB7D7DC-DF1D-4D40-8D3C-888A7AF23B72}.Debug|Any CPU.ActiveCfg = Debug|Any CPU
		{7FB7D7DC-DF1D-4D40-8D3C-888A7AF23B72}.Debug|Any CPU.Build.0 = Debug|Any CPU
		{7FB7D7DC-DF1D-4D40-8D3C-888A7AF23B72}.Release|Any CPU.ActiveCfg = Release|Any CPU
		{7FB7D7DC-DF1D-4D40-8D3C-888A7AF23B72}.Release|Any CPU.Build.0 = Release|Any CPU
		{5A10AA7C-B834-4BBC-8F9A-8798CD4FEC72}.Debug|Any CPU.ActiveCfg = Debug|Any CPU
		{5A10AA7C-B834-4BBC-8F9A-8798CD4FEC72}.Debug|Any CPU.Build.0 = Debug|Any CPU
		{5A10AA7C-B834-4BBC-8F9A-8798CD4FEC72}.Release|Any CPU.ActiveCfg = Release|Any CPU
		{5A10AA7C-B834-4BBC-8F9A-8798CD4FEC72}.Release|Any CPU.Build.0 = Release|Any CPU
		{C6DAAC2E-1078-4881-90D0-F0FA9CFF23D9}.Debug|Any CPU.ActiveCfg = Debug|Any CPU
		{C6DAAC2E-1078-4881-90D0-F0FA9CFF23D9}.Debug|Any CPU.Build.0 = Debug|Any CPU
		{C6DAAC2E-1078-4881-90D0-F0FA9CFF23D9}.Release|Any CPU.ActiveCfg = Release|Any CPU
		{C6DAAC2E-1078-4881-90D0-F0FA9CFF23D9}.Release|Any CPU.Build.0 = Release|Any CPU
		{ECBDAFB3-9EC2-4936-A0E9-5D3ABD35FB58}.Debug|Any CPU.ActiveCfg = Debug|Any CPU
		{ECBDAFB3-9EC2-4936-A0E9-5D3ABD35FB58}.Debug|Any CPU.Build.0 = Debug|Any CPU
		{ECBDAFB3-9EC2-4936-A0E9-5D3ABD35FB58}.Release|Any CPU.ActiveCfg = Release|Any CPU
		{ECBDAFB3-9EC2-4936-A0E9-5D3ABD35FB58}.Release|Any CPU.Build.0 = Release|Any CPU
		{CC4C9294-4B1D-450C-836C-7D8DA73F8F4B}.Debug|Any CPU.ActiveCfg = Debug|Any CPU
		{CC4C9294-4B1D-450C-836C-7D8DA73F8F4B}.Debug|Any CPU.Build.0 = Debug|Any CPU
		{CC4C9294-4B1D-450C-836C-7D8DA73F8F4B}.Release|Any CPU.ActiveCfg = Release|Any CPU
		{CC4C9294-4B1D-450C-836C-7D8DA73F8F4B}.Release|Any CPU.Build.0 = Release|Any CPU
		{CC9CB794-2AFB-4ED6-AD75-678B4C891223}.Debug|Any CPU.ActiveCfg = Debug|Any CPU
		{CC9CB794-2AFB-4ED6-AD75-678B4C891223}.Debug|Any CPU.Build.0 = Debug|Any CPU
		{CC9CB794-2AFB-4ED6-AD75-678B4C891223}.Release|Any CPU.ActiveCfg = Release|Any CPU
		{CC9CB794-2AFB-4ED6-AD75-678B4C891223}.Release|Any CPU.Build.0 = Release|Any CPU
		{597B8EA0-F316-49AF-9A7B-C717E59BDE8A}.Debug|Any CPU.ActiveCfg = Debug|Any CPU
		{597B8EA0-F316-49AF-9A7B-C717E59BDE8A}.Debug|Any CPU.Build.0 = Debug|Any CPU
		{597B8EA0-F316-49AF-9A7B-C717E59BDE8A}.Release|Any CPU.ActiveCfg = Release|Any CPU
		{597B8EA0-F316-49AF-9A7B-C717E59BDE8A}.Release|Any CPU.Build.0 = Release|Any CPU
		{21594AF4-5AEC-45FE-B1AF-7071947ED44F}.Debug|Any CPU.ActiveCfg = Debug|Any CPU
		{21594AF4-5AEC-45FE-B1AF-7071947ED44F}.Debug|Any CPU.Build.0 = Debug|Any CPU
		{21594AF4-5AEC-45FE-B1AF-7071947ED44F}.Release|Any CPU.ActiveCfg = Release|Any CPU
		{21594AF4-5AEC-45FE-B1AF-7071947ED44F}.Release|Any CPU.Build.0 = Release|Any CPU
		{2EFD0A99-16F2-425E-86BF-1FAAF482A872}.Debug|Any CPU.ActiveCfg = Debug|Any CPU
		{2EFD0A99-16F2-425E-86BF-1FAAF482A872}.Debug|Any CPU.Build.0 = Debug|Any CPU
		{2EFD0A99-16F2-425E-86BF-1FAAF482A872}.Release|Any CPU.ActiveCfg = Release|Any CPU
		{2EFD0A99-16F2-425E-86BF-1FAAF482A872}.Release|Any CPU.Build.0 = Release|Any CPU
		{F6D908E8-05CA-4469-85FC-386E88777815}.Debug|Any CPU.ActiveCfg = Debug|Any CPU
		{F6D908E8-05CA-4469-85FC-386E88777815}.Debug|Any CPU.Build.0 = Debug|Any CPU
		{F6D908E8-05CA-4469-85FC-386E88777815}.Release|Any CPU.ActiveCfg = Release|Any CPU
		{F6D908E8-05CA-4469-85FC-386E88777815}.Release|Any CPU.Build.0 = Release|Any CPU
		{B37A9002-83E4-436A-8D28-217137021367}.Debug|Any CPU.ActiveCfg = Debug|Any CPU
		{B37A9002-83E4-436A-8D28-217137021367}.Debug|Any CPU.Build.0 = Debug|Any CPU
		{B37A9002-83E4-436A-8D28-217137021367}.Release|Any CPU.ActiveCfg = Release|Any CPU
		{B37A9002-83E4-436A-8D28-217137021367}.Release|Any CPU.Build.0 = Release|Any CPU
		{3BB222CA-71CC-45F6-B864-8B65DF87B457}.Debug|Any CPU.ActiveCfg = Debug|Any CPU
		{3BB222CA-71CC-45F6-B864-8B65DF87B457}.Debug|Any CPU.Build.0 = Debug|Any CPU
		{3BB222CA-71CC-45F6-B864-8B65DF87B457}.Release|Any CPU.ActiveCfg = Release|Any CPU
		{3BB222CA-71CC-45F6-B864-8B65DF87B457}.Release|Any CPU.Build.0 = Release|Any CPU
		{1631CB9F-D89E-4E06-8C05-95FC86EE5E35}.Debug|Any CPU.ActiveCfg = Debug|Any CPU
		{1631CB9F-D89E-4E06-8C05-95FC86EE5E35}.Debug|Any CPU.Build.0 = Debug|Any CPU
		{1631CB9F-D89E-4E06-8C05-95FC86EE5E35}.Release|Any CPU.ActiveCfg = Release|Any CPU
		{1631CB9F-D89E-4E06-8C05-95FC86EE5E35}.Release|Any CPU.Build.0 = Release|Any CPU
		{1652F476-545E-4C03-BDCD-15CB02F459AC}.Debug|Any CPU.ActiveCfg = Debug|Any CPU
		{1652F476-545E-4C03-BDCD-15CB02F459AC}.Debug|Any CPU.Build.0 = Debug|Any CPU
		{1652F476-545E-4C03-BDCD-15CB02F459AC}.Release|Any CPU.ActiveCfg = Release|Any CPU
		{1652F476-545E-4C03-BDCD-15CB02F459AC}.Release|Any CPU.Build.0 = Release|Any CPU
		{1BA811CF-4F39-4190-9C7B-E7CE9EFAC35C}.Debug|Any CPU.ActiveCfg = Debug|Any CPU
		{1BA811CF-4F39-4190-9C7B-E7CE9EFAC35C}.Debug|Any CPU.Build.0 = Debug|Any CPU
		{1BA811CF-4F39-4190-9C7B-E7CE9EFAC35C}.Release|Any CPU.ActiveCfg = Release|Any CPU
		{1BA811CF-4F39-4190-9C7B-E7CE9EFAC35C}.Release|Any CPU.Build.0 = Release|Any CPU
		{5B5779C3-9709-4C4A-9DE1-A81F3106013E}.Debug|Any CPU.ActiveCfg = Debug|Any CPU
		{5B5779C3-9709-4C4A-9DE1-A81F3106013E}.Debug|Any CPU.Build.0 = Debug|Any CPU
		{5B5779C3-9709-4C4A-9DE1-A81F3106013E}.Release|Any CPU.ActiveCfg = Release|Any CPU
		{5B5779C3-9709-4C4A-9DE1-A81F3106013E}.Release|Any CPU.Build.0 = Release|Any CPU
		{DDCA8CA7-B7AF-44F5-83DD-4E83ED189CB5}.Debug|Any CPU.ActiveCfg = Debug|Any CPU
		{DDCA8CA7-B7AF-44F5-83DD-4E83ED189CB5}.Debug|Any CPU.Build.0 = Debug|Any CPU
		{DDCA8CA7-B7AF-44F5-83DD-4E83ED189CB5}.Release|Any CPU.ActiveCfg = Release|Any CPU
		{DDCA8CA7-B7AF-44F5-83DD-4E83ED189CB5}.Release|Any CPU.Build.0 = Release|Any CPU
		{201C09B8-32E6-42A6-AAB8-CDCF4EBED6F2}.Debug|Any CPU.ActiveCfg = Debug|Any CPU
		{201C09B8-32E6-42A6-AAB8-CDCF4EBED6F2}.Debug|Any CPU.Build.0 = Debug|Any CPU
		{201C09B8-32E6-42A6-AAB8-CDCF4EBED6F2}.Release|Any CPU.ActiveCfg = Release|Any CPU
		{201C09B8-32E6-42A6-AAB8-CDCF4EBED6F2}.Release|Any CPU.Build.0 = Release|Any CPU
		{91C3678F-6D22-4E58-9E43-7438B4BA7896}.Debug|Any CPU.ActiveCfg = Debug|Any CPU
		{91C3678F-6D22-4E58-9E43-7438B4BA7896}.Debug|Any CPU.Build.0 = Debug|Any CPU
		{91C3678F-6D22-4E58-9E43-7438B4BA7896}.Release|Any CPU.ActiveCfg = Release|Any CPU
		{91C3678F-6D22-4E58-9E43-7438B4BA7896}.Release|Any CPU.Build.0 = Release|Any CPU
		{D7A3D35D-8C23-4DDD-9F8D-52550ECF677F}.Debug|Any CPU.ActiveCfg = Debug|Any CPU
		{D7A3D35D-8C23-4DDD-9F8D-52550ECF677F}.Debug|Any CPU.Build.0 = Debug|Any CPU
		{D7A3D35D-8C23-4DDD-9F8D-52550ECF677F}.Release|Any CPU.ActiveCfg = Release|Any CPU
		{D7A3D35D-8C23-4DDD-9F8D-52550ECF677F}.Release|Any CPU.Build.0 = Release|Any CPU
		{7A475924-CFD7-4F1B-AE33-1F44CA4141FA}.Debug|Any CPU.ActiveCfg = Debug|Any CPU
		{7A475924-CFD7-4F1B-AE33-1F44CA4141FA}.Debug|Any CPU.Build.0 = Debug|Any CPU
		{7A475924-CFD7-4F1B-AE33-1F44CA4141FA}.Release|Any CPU.ActiveCfg = Release|Any CPU
		{7A475924-CFD7-4F1B-AE33-1F44CA4141FA}.Release|Any CPU.Build.0 = Release|Any CPU
		{B63AE5E8-F032-4973-A97D-787CAF09728F}.Debug|Any CPU.ActiveCfg = Debug|Any CPU
		{B63AE5E8-F032-4973-A97D-787CAF09728F}.Debug|Any CPU.Build.0 = Debug|Any CPU
		{B63AE5E8-F032-4973-A97D-787CAF09728F}.Release|Any CPU.ActiveCfg = Release|Any CPU
		{B63AE5E8-F032-4973-A97D-787CAF09728F}.Release|Any CPU.Build.0 = Release|Any CPU
		{C43C98DE-137D-4C35-A482-C8ACC176473E}.Debug|Any CPU.ActiveCfg = Debug|Any CPU
		{C43C98DE-137D-4C35-A482-C8ACC176473E}.Debug|Any CPU.Build.0 = Debug|Any CPU
		{C43C98DE-137D-4C35-A482-C8ACC176473E}.Release|Any CPU.ActiveCfg = Release|Any CPU
		{C43C98DE-137D-4C35-A482-C8ACC176473E}.Release|Any CPU.Build.0 = Release|Any CPU
		{6A30B359-DB41-4AED-9DCE-B69C6BDF2EC1}.Debug|Any CPU.ActiveCfg = Debug|Any CPU
		{6A30B359-DB41-4AED-9DCE-B69C6BDF2EC1}.Debug|Any CPU.Build.0 = Debug|Any CPU
		{6A30B359-DB41-4AED-9DCE-B69C6BDF2EC1}.Release|Any CPU.ActiveCfg = Release|Any CPU
		{6A30B359-DB41-4AED-9DCE-B69C6BDF2EC1}.Release|Any CPU.Build.0 = Release|Any CPU
		{A8506A2A-3E10-4E75-96B0-0415CD69F8CD}.Debug|Any CPU.ActiveCfg = Debug|Any CPU
		{A8506A2A-3E10-4E75-96B0-0415CD69F8CD}.Debug|Any CPU.Build.0 = Debug|Any CPU
		{A8506A2A-3E10-4E75-96B0-0415CD69F8CD}.Release|Any CPU.ActiveCfg = Release|Any CPU
		{A8506A2A-3E10-4E75-96B0-0415CD69F8CD}.Release|Any CPU.Build.0 = Release|Any CPU
		{A070DBEF-7C5C-45E8-9634-67A720CC2409}.Debug|Any CPU.ActiveCfg = Debug|Any CPU
		{A070DBEF-7C5C-45E8-9634-67A720CC2409}.Debug|Any CPU.Build.0 = Debug|Any CPU
		{A070DBEF-7C5C-45E8-9634-67A720CC2409}.Release|Any CPU.ActiveCfg = Release|Any CPU
		{A070DBEF-7C5C-45E8-9634-67A720CC2409}.Release|Any CPU.Build.0 = Release|Any CPU
		{95C3F26B-0A8F-44E0-8190-BB5316162877}.Debug|Any CPU.ActiveCfg = Debug|Any CPU
		{95C3F26B-0A8F-44E0-8190-BB5316162877}.Debug|Any CPU.Build.0 = Debug|Any CPU
		{95C3F26B-0A8F-44E0-8190-BB5316162877}.Release|Any CPU.ActiveCfg = Release|Any CPU
		{95C3F26B-0A8F-44E0-8190-BB5316162877}.Release|Any CPU.Build.0 = Release|Any CPU
		{FD5C9051-CFDF-4D4C-A7D7-DBDDEFE2AB21}.Debug|Any CPU.ActiveCfg = Debug|Any CPU
		{FD5C9051-CFDF-4D4C-A7D7-DBDDEFE2AB21}.Debug|Any CPU.Build.0 = Debug|Any CPU
		{FD5C9051-CFDF-4D4C-A7D7-DBDDEFE2AB21}.Release|Any CPU.ActiveCfg = Release|Any CPU
		{FD5C9051-CFDF-4D4C-A7D7-DBDDEFE2AB21}.Release|Any CPU.Build.0 = Release|Any CPU
		{FF0E2798-D7AA-495A-AA93-B5FA4C8BFA30}.Debug|Any CPU.ActiveCfg = Debug|Any CPU
		{FF0E2798-D7AA-495A-AA93-B5FA4C8BFA30}.Debug|Any CPU.Build.0 = Debug|Any CPU
		{FF0E2798-D7AA-495A-AA93-B5FA4C8BFA30}.Release|Any CPU.ActiveCfg = Release|Any CPU
		{FF0E2798-D7AA-495A-AA93-B5FA4C8BFA30}.Release|Any CPU.Build.0 = Release|Any CPU
		{9A36B87C-6C2F-4EFC-BFFD-CAEC7BAC852E}.Debug|Any CPU.ActiveCfg = Debug|Any CPU
		{9A36B87C-6C2F-4EFC-BFFD-CAEC7BAC852E}.Debug|Any CPU.Build.0 = Debug|Any CPU
		{9A36B87C-6C2F-4EFC-BFFD-CAEC7BAC852E}.Release|Any CPU.ActiveCfg = Release|Any CPU
		{9A36B87C-6C2F-4EFC-BFFD-CAEC7BAC852E}.Release|Any CPU.Build.0 = Release|Any CPU
		{ED5A9AEE-4C3B-479B-87AD-817B36C5D830}.Debug|Any CPU.ActiveCfg = Debug|Any CPU
		{ED5A9AEE-4C3B-479B-87AD-817B36C5D830}.Debug|Any CPU.Build.0 = Debug|Any CPU
		{ED5A9AEE-4C3B-479B-87AD-817B36C5D830}.Release|Any CPU.ActiveCfg = Release|Any CPU
		{ED5A9AEE-4C3B-479B-87AD-817B36C5D830}.Release|Any CPU.Build.0 = Release|Any CPU
		{22D6C598-B5D3-4383-AA87-0C387101C0D5}.Debug|Any CPU.ActiveCfg = Debug|Any CPU
		{22D6C598-B5D3-4383-AA87-0C387101C0D5}.Debug|Any CPU.Build.0 = Debug|Any CPU
		{22D6C598-B5D3-4383-AA87-0C387101C0D5}.Release|Any CPU.ActiveCfg = Release|Any CPU
		{22D6C598-B5D3-4383-AA87-0C387101C0D5}.Release|Any CPU.Build.0 = Release|Any CPU
		{3617459D-2B32-4D22-90D4-301E82819ED5}.Debug|Any CPU.ActiveCfg = Debug|Any CPU
		{3617459D-2B32-4D22-90D4-301E82819ED5}.Debug|Any CPU.Build.0 = Debug|Any CPU
		{3617459D-2B32-4D22-90D4-301E82819ED5}.Release|Any CPU.ActiveCfg = Release|Any CPU
		{3617459D-2B32-4D22-90D4-301E82819ED5}.Release|Any CPU.Build.0 = Release|Any CPU
		{AC919613-091B-4E99-91F2-6AF44EFD013F}.Debug|Any CPU.ActiveCfg = Debug|Any CPU
		{AC919613-091B-4E99-91F2-6AF44EFD013F}.Debug|Any CPU.Build.0 = Debug|Any CPU
		{AC919613-091B-4E99-91F2-6AF44EFD013F}.Release|Any CPU.ActiveCfg = Release|Any CPU
		{AC919613-091B-4E99-91F2-6AF44EFD013F}.Release|Any CPU.Build.0 = Release|Any CPU
		{EACB2A91-4DA3-4C0F-9F66-861AA2661CC4}.Debug|Any CPU.ActiveCfg = Debug|Any CPU
		{EACB2A91-4DA3-4C0F-9F66-861AA2661CC4}.Debug|Any CPU.Build.0 = Debug|Any CPU
		{EACB2A91-4DA3-4C0F-9F66-861AA2661CC4}.Release|Any CPU.ActiveCfg = Release|Any CPU
		{EACB2A91-4DA3-4C0F-9F66-861AA2661CC4}.Release|Any CPU.Build.0 = Release|Any CPU
		{43ED448F-EC1C-402B-BF61-818818D812AE}.Debug|Any CPU.ActiveCfg = Debug|Any CPU
		{43ED448F-EC1C-402B-BF61-818818D812AE}.Debug|Any CPU.Build.0 = Debug|Any CPU
		{43ED448F-EC1C-402B-BF61-818818D812AE}.Release|Any CPU.ActiveCfg = Release|Any CPU
		{43ED448F-EC1C-402B-BF61-818818D812AE}.Release|Any CPU.Build.0 = Release|Any CPU
		{A7FF3F55-B830-441B-AF67-CD554884DE77}.Debug|Any CPU.ActiveCfg = Debug|Any CPU
		{A7FF3F55-B830-441B-AF67-CD554884DE77}.Debug|Any CPU.Build.0 = Debug|Any CPU
		{A7FF3F55-B830-441B-AF67-CD554884DE77}.Release|Any CPU.ActiveCfg = Release|Any CPU
		{A7FF3F55-B830-441B-AF67-CD554884DE77}.Release|Any CPU.Build.0 = Release|Any CPU
		{61639319-53F4-4A76-BA3E-A13CF5B6DCAA}.Debug|Any CPU.ActiveCfg = Debug|Any CPU
		{61639319-53F4-4A76-BA3E-A13CF5B6DCAA}.Debug|Any CPU.Build.0 = Debug|Any CPU
		{61639319-53F4-4A76-BA3E-A13CF5B6DCAA}.Release|Any CPU.ActiveCfg = Release|Any CPU
		{61639319-53F4-4A76-BA3E-A13CF5B6DCAA}.Release|Any CPU.Build.0 = Release|Any CPU
		{277F77DF-18F3-46A0-83C8-83F98D053E47}.Debug|Any CPU.ActiveCfg = Debug|Any CPU
		{277F77DF-18F3-46A0-83C8-83F98D053E47}.Debug|Any CPU.Build.0 = Debug|Any CPU
		{277F77DF-18F3-46A0-83C8-83F98D053E47}.Release|Any CPU.ActiveCfg = Release|Any CPU
		{277F77DF-18F3-46A0-83C8-83F98D053E47}.Release|Any CPU.Build.0 = Release|Any CPU
		{C252C4AC-DBF1-42DC-B09F-FC03B6A79C73}.Debug|Any CPU.ActiveCfg = Debug|Any CPU
		{C252C4AC-DBF1-42DC-B09F-FC03B6A79C73}.Debug|Any CPU.Build.0 = Debug|Any CPU
		{C252C4AC-DBF1-42DC-B09F-FC03B6A79C73}.Release|Any CPU.ActiveCfg = Release|Any CPU
		{C252C4AC-DBF1-42DC-B09F-FC03B6A79C73}.Release|Any CPU.Build.0 = Release|Any CPU
		{8D3C03AA-D246-43D0-B153-BE9933B0C1DE}.Debug|Any CPU.ActiveCfg = Debug|Any CPU
		{8D3C03AA-D246-43D0-B153-BE9933B0C1DE}.Debug|Any CPU.Build.0 = Debug|Any CPU
		{8D3C03AA-D246-43D0-B153-BE9933B0C1DE}.Release|Any CPU.ActiveCfg = Release|Any CPU
		{8D3C03AA-D246-43D0-B153-BE9933B0C1DE}.Release|Any CPU.Build.0 = Release|Any CPU
		{0DF5250D-505A-43F6-908D-75C6C49086A8}.Debug|Any CPU.ActiveCfg = Debug|Any CPU
		{0DF5250D-505A-43F6-908D-75C6C49086A8}.Debug|Any CPU.Build.0 = Debug|Any CPU
		{0DF5250D-505A-43F6-908D-75C6C49086A8}.Release|Any CPU.ActiveCfg = Release|Any CPU
		{0DF5250D-505A-43F6-908D-75C6C49086A8}.Release|Any CPU.Build.0 = Release|Any CPU
		{BE0D7D7F-30B0-4E39-B1C1-31F6591164A0}.Debug|Any CPU.ActiveCfg = Debug|Any CPU
		{BE0D7D7F-30B0-4E39-B1C1-31F6591164A0}.Debug|Any CPU.Build.0 = Debug|Any CPU
		{BE0D7D7F-30B0-4E39-B1C1-31F6591164A0}.Release|Any CPU.ActiveCfg = Release|Any CPU
		{BE0D7D7F-30B0-4E39-B1C1-31F6591164A0}.Release|Any CPU.Build.0 = Release|Any CPU
		{2337B686-C333-4CB2-83CA-00F9760CB2EA}.Debug|Any CPU.ActiveCfg = Debug|Any CPU
		{2337B686-C333-4CB2-83CA-00F9760CB2EA}.Debug|Any CPU.Build.0 = Debug|Any CPU
		{2337B686-C333-4CB2-83CA-00F9760CB2EA}.Release|Any CPU.ActiveCfg = Release|Any CPU
		{2337B686-C333-4CB2-83CA-00F9760CB2EA}.Release|Any CPU.Build.0 = Release|Any CPU
		{972060D8-D435-4662-892C-F5CBDA0BCFFA}.Debug|Any CPU.ActiveCfg = Debug|Any CPU
		{972060D8-D435-4662-892C-F5CBDA0BCFFA}.Debug|Any CPU.Build.0 = Debug|Any CPU
		{972060D8-D435-4662-892C-F5CBDA0BCFFA}.Release|Any CPU.ActiveCfg = Release|Any CPU
		{972060D8-D435-4662-892C-F5CBDA0BCFFA}.Release|Any CPU.Build.0 = Release|Any CPU
		{BBBF65F2-F721-49C8-A869-F2BBA6A4959D}.Debug|Any CPU.ActiveCfg = Debug|Any CPU
		{BBBF65F2-F721-49C8-A869-F2BBA6A4959D}.Debug|Any CPU.Build.0 = Debug|Any CPU
		{BBBF65F2-F721-49C8-A869-F2BBA6A4959D}.Release|Any CPU.ActiveCfg = Release|Any CPU
		{BBBF65F2-F721-49C8-A869-F2BBA6A4959D}.Release|Any CPU.Build.0 = Release|Any CPU
		{9E749197-9609-4354-A64C-F5E8D4BDCBE5}.Debug|Any CPU.ActiveCfg = Debug|Any CPU
		{9E749197-9609-4354-A64C-F5E8D4BDCBE5}.Debug|Any CPU.Build.0 = Debug|Any CPU
		{9E749197-9609-4354-A64C-F5E8D4BDCBE5}.Release|Any CPU.ActiveCfg = Release|Any CPU
		{9E749197-9609-4354-A64C-F5E8D4BDCBE5}.Release|Any CPU.Build.0 = Release|Any CPU
		{7D6225CA-CA2A-46E1-BD5A-80E69781B833}.Debug|Any CPU.ActiveCfg = Debug|Any CPU
		{7D6225CA-CA2A-46E1-BD5A-80E69781B833}.Debug|Any CPU.Build.0 = Debug|Any CPU
		{7D6225CA-CA2A-46E1-BD5A-80E69781B833}.Release|Any CPU.ActiveCfg = Release|Any CPU
		{7D6225CA-CA2A-46E1-BD5A-80E69781B833}.Release|Any CPU.Build.0 = Release|Any CPU
		{F4E28F88-C37A-4580-92D7-633836BC2665}.Debug|Any CPU.ActiveCfg = Debug|Any CPU
		{F4E28F88-C37A-4580-92D7-633836BC2665}.Debug|Any CPU.Build.0 = Debug|Any CPU
		{F4E28F88-C37A-4580-92D7-633836BC2665}.Release|Any CPU.ActiveCfg = Release|Any CPU
		{F4E28F88-C37A-4580-92D7-633836BC2665}.Release|Any CPU.Build.0 = Release|Any CPU
		{271E4359-C182-446C-B093-722C6B0AEC5C}.Debug|Any CPU.ActiveCfg = Debug|Any CPU
		{271E4359-C182-446C-B093-722C6B0AEC5C}.Debug|Any CPU.Build.0 = Debug|Any CPU
		{271E4359-C182-446C-B093-722C6B0AEC5C}.Release|Any CPU.ActiveCfg = Release|Any CPU
		{271E4359-C182-446C-B093-722C6B0AEC5C}.Release|Any CPU.Build.0 = Release|Any CPU
		{F6B7C5CD-B2C3-473C-AC59-7A0EBED293E9}.Debug|Any CPU.ActiveCfg = Debug|Any CPU
		{F6B7C5CD-B2C3-473C-AC59-7A0EBED293E9}.Debug|Any CPU.Build.0 = Debug|Any CPU
		{F6B7C5CD-B2C3-473C-AC59-7A0EBED293E9}.Release|Any CPU.ActiveCfg = Release|Any CPU
		{F6B7C5CD-B2C3-473C-AC59-7A0EBED293E9}.Release|Any CPU.Build.0 = Release|Any CPU
	EndGlobalSection
	GlobalSection(SolutionProperties) = preSolution
		HideSolutionNode = FALSE
	EndGlobalSection
	GlobalSection(ExtensibilityGlobals) = postSolution
		SolutionGuid = {84AB025C-8C5A-4856-B646-AC46C30D9F21}
	EndGlobalSection
	GlobalSection(MonoDevelopProperties) = preSolution
		Policies = $0
		$0.DotNetNamingPolicy = $1
		$1.DirectoryNamespaceAssociation = PrefixedHierarchical
		$0.TextStylePolicy = $2
		$2.inheritsSet = null
		$2.scope = text/x-csharp
		$0.CSharpFormattingPolicy = $3
		$3.scope = text/x-csharp
		$0.VersionControlPolicy = $4
	EndGlobalSection
EndGlobal
